
Microsoft Visual Studio Solution File, Format Version 12.00
# Visual Studio Version 17
VisualStudioVersion = 17.1.32319.34
MinimumVisualStudioVersion = 10.0.40219.1
Project("{FAE04EC0-301F-11D3-BF4B-00C04F79EFBC}") = "EscapeButton", "EscapeButton\EscapeButton.csproj", "{BAD1D462-4B5B-4B33-8F6E-20DD2CB11806}"
EndProject
Global
	GlobalSection(SolutionConfigurationPlatforms) = preSolution
		Debug|Any CPU = Debug|Any CPU
		Release|Any CPU = Release|Any CPU
	EndGlobalSection
	GlobalSection(ProjectConfigurationPlatforms) = postSolution
		{BAD1D462-4B5B-4B33-8F6E-20DD2CB11806}.Debug|Any CPU.ActiveCfg = Debug|Any CPU
		{BAD1D462-4B5B-4B33-8F6E-20DD2CB11806}.Debug|Any CPU.Build.0 = Debug|Any CPU
		{BAD1D462-4B5B-4B33-8F6E-20DD2CB11806}.Release|Any CPU.ActiveCfg = Release|Any CPU
		{BAD1D462-4B5B-4B33-8F6E-20DD2CB11806}.Release|Any CPU.Build.0 = Release|Any CPU
	EndGlobalSection
	GlobalSection(SolutionProperties) = preSolution
		HideSolutionNode = FALSE
	EndGlobalSection
	GlobalSection(ExtensibilityGlobals) = postSolution
		SolutionGuid = {A3609E45-4FCE-4A7B-A0DC-9D367ECECA2B}
	EndGlobalSection
EndGlobal
